
Microsoft Visual Studio Solution File, Format Version 12.00
# Visual Studio 2013
VisualStudioVersion = 12.0.21005.1
MinimumVisualStudioVersion = 10.0.40219.1
Project("{FAE04EC0-301F-11D3-BF4B-00C04F79EFBC}") = "Lab_1", "Lab_1\Lab_1.csproj", "{2683A940-F4F5-4841-8784-1A37F6B892B4}"
EndProject
Project("{FAE04EC0-301F-11D3-BF4B-00C04F79EFBC}") = "Lab_2", "Lab_2\Lab_2.csproj", "{9E7C91AC-F499-4B11-8376-AE187A3EE024}"
EndProject
Global
	GlobalSection(SolutionConfigurationPlatforms) = preSolution
		Debug|Any CPU = Debug|Any CPU
		Release|Any CPU = Release|Any CPU
	EndGlobalSection
	GlobalSection(ProjectConfigurationPlatforms) = postSolution
		{2683A940-F4F5-4841-8784-1A37F6B892B4}.Debug|Any CPU.ActiveCfg = Debug|Any CPU
		{2683A940-F4F5-4841-8784-1A37F6B892B4}.Debug|Any CPU.Build.0 = Debug|Any CPU
		{2683A940-F4F5-4841-8784-1A37F6B892B4}.Release|Any CPU.ActiveCfg = Release|Any CPU
		{2683A940-F4F5-4841-8784-1A37F6B892B4}.Release|Any CPU.Build.0 = Release|Any CPU
		{9E7C91AC-F499-4B11-8376-AE187A3EE024}.Debug|Any CPU.ActiveCfg = Debug|Any CPU
		{9E7C91AC-F499-4B11-8376-AE187A3EE024}.Debug|Any CPU.Build.0 = Debug|Any CPU
		{9E7C91AC-F499-4B11-8376-AE187A3EE024}.Release|Any CPU.ActiveCfg = Release|Any CPU
		{9E7C91AC-F499-4B11-8376-AE187A3EE024}.Release|Any CPU.Build.0 = Release|Any CPU
	EndGlobalSection
	GlobalSection(SolutionProperties) = preSolution
		HideSolutionNode = FALSE
	EndGlobalSection
EndGlobal
